
Microsoft Visual Studio Solution File, Format Version 12.00
# Visual Studio Version 17
VisualStudioVersion = 17.8.34330.188
MinimumVisualStudioVersion = 10.0.40219.1
Project("{FAE04EC0-301F-11D3-BF4B-00C04F79EFBC}") = "CursorJump.App", "src/CursorJump.App/CursorJump.App.csproj", "{F024A3F1-E823-42EF-B8E2-3A9B4EA8732F}"
EndProject
Project("{2150E333-8FDC-42A3-9474-1A3956D46DE8}") = "tests", "tests", "{0AB3BF05-4346-4AA6-1389-037BE0695223}"
EndProject
Project("{FAE04EC0-301F-11D3-BF4B-00C04F79EFBC}") = "CursorJump.Tests", "tests\CursorJump.Tests\CursorJump.Tests.csproj", "{DFA844EF-20AF-4E1E-B5A8-0F8FAE5E1634}"
EndProject
Global
	GlobalSection(SolutionConfigurationPlatforms) = preSolution
		Debug|Any CPU = Debug|Any CPU
		Debug|x64 = Debug|x64
		Debug|x86 = Debug|x86
		Release|Any CPU = Release|Any CPU
		Release|x64 = Release|x64
		Release|x86 = Release|x86
	EndGlobalSection
	GlobalSection(ProjectConfigurationPlatforms) = postSolution
		{F024A3F1-E823-42EF-B8E2-3A9B4EA8732F}.Debug|Any CPU.ActiveCfg = Debug|Any CPU
		{F024A3F1-E823-42EF-B8E2-3A9B4EA8732F}.Debug|Any CPU.Build.0 = Debug|Any CPU
		{F024A3F1-E823-42EF-B8E2-3A9B4EA8732F}.Debug|x64.ActiveCfg = Debug|Any CPU
		{F024A3F1-E823-42EF-B8E2-3A9B4EA8732F}.Debug|x64.Build.0 = Debug|Any CPU
		{F024A3F1-E823-42EF-B8E2-3A9B4EA8732F}.Debug|x86.ActiveCfg = Debug|Any CPU
		{F024A3F1-E823-42EF-B8E2-3A9B4EA8732F}.Debug|x86.Build.0 = Debug|Any CPU
		{F024A3F1-E823-42EF-B8E2-3A9B4EA8732F}.Release|Any CPU.ActiveCfg = Release|Any CPU
		{F024A3F1-E823-42EF-B8E2-3A9B4EA8732F}.Release|Any CPU.Build.0 = Release|Any CPU
		{F024A3F1-E823-42EF-B8E2-3A9B4EA8732F}.Release|x64.ActiveCfg = Release|Any CPU
		{F024A3F1-E823-42EF-B8E2-3A9B4EA8732F}.Release|x64.Build.0 = Release|Any CPU
		{F024A3F1-E823-42EF-B8E2-3A9B4EA8732F}.Release|x86.ActiveCfg = Release|Any CPU
		{F024A3F1-E823-42EF-B8E2-3A9B4EA8732F}.Release|x86.Build.0 = Release|Any CPU
		{DFA844EF-20AF-4E1E-B5A8-0F8FAE5E1634}.Debug|Any CPU.ActiveCfg = Debug|Any CPU
		{DFA844EF-20AF-4E1E-B5A8-0F8FAE5E1634}.Debug|Any CPU.Build.0 = Debug|Any CPU
		{DFA844EF-20AF-4E1E-B5A8-0F8FAE5E1634}.Debug|x64.ActiveCfg = Debug|Any CPU
		{DFA844EF-20AF-4E1E-B5A8-0F8FAE5E1634}.Debug|x64.Build.0 = Debug|Any CPU
		{DFA844EF-20AF-4E1E-B5A8-0F8FAE5E1634}.Debug|x86.ActiveCfg = Debug|Any CPU
		{DFA844EF-20AF-4E1E-B5A8-0F8FAE5E1634}.Debug|x86.Build.0 = Debug|Any CPU
		{DFA844EF-20AF-4E1E-B5A8-0F8FAE5E1634}.Release|Any CPU.ActiveCfg = Release|Any CPU
		{DFA844EF-20AF-4E1E-B5A8-0F8FAE5E1634}.Release|Any CPU.Build.0 = Release|Any CPU
		{DFA844EF-20AF-4E1E-B5A8-0F8FAE5E1634}.Release|x64.ActiveCfg = Release|Any CPU
		{DFA844EF-20AF-4E1E-B5A8-0F8FAE5E1634}.Release|x64.Build.0 = Release|Any CPU
		{DFA844EF-20AF-4E1E-B5A8-0F8FAE5E1634}.Release|x86.ActiveCfg = Release|Any CPU
		{DFA844EF-20AF-4E1E-B5A8-0F8FAE5E1634}.Release|x86.Build.0 = Release|Any CPU
	EndGlobalSection
	GlobalSection(SolutionProperties) = preSolution
		HideSolutionNode = FALSE
	EndGlobalSection
	GlobalSection(NestedProjects) = preSolution
		{DFA844EF-20AF-4E1E-B5A8-0F8FAE5E1634} = {0AB3BF05-4346-4AA6-1389-037BE0695223}
	EndGlobalSection
EndGlobal
